<?xml version="1.0" encoding="utf-8"?>
<Project ToolsVersion="15.0" xmlns="http://schemas.microsoft.com/developer/msbuild/2003">
  <ItemGroup>
    <Filter Include="inc">
      <UniqueIdentifier>{50754598-9cee-4fa3-a8ec-fff1ad331184}</UniqueIdentifier>
    </Filter>
    <Filter Include="src">
      <UniqueIdentifier>{42a2b650-b0aa-4c39-ba18-b0e1998b563a}</UniqueIdentifier>
    </Filter>
  </ItemGroup>
  <ItemGroup>
    <ClInclude Include="..\..\..\..\Software\Sensor\inc\Export.h">
      <Filter>inc</Filter>
    </ClInclude>
    <ClInclude Include="..\..\..\..\Software\Sensor\inc\pch.h">
      <Filter>inc</Filter>
    </ClInclude>
    <ClInclude Include="..\..\..\..\Software\Sensor\inc\TargetVersion.h">
      <Filter>inc</Filter>
    </ClInclude>
    <ClInclude Include="..\..\..\..\Software\Sensor\inc\Pin.h">
      <Filter>inc</Filter>
    </ClInclude>
    <ClInclude Include="..\..\..\..\Software\Sensor\inc\DHT.h">
      <Filter>inc</Filter>
    </ClInclude>
  </ItemGroup>
  <ItemGroup>
    <ClCompile Include="..\..\..\..\Software\Sensor\src\pch.cpp">
      <Filter>src</Filter>
    </ClCompile>
    <ClCompile Include="..\..\..\..\Software\Sensor\src\Pin.cpp">
      <Filter>src</Filter>
    </ClCompile>
    <ClCompile Include="..\..\..\..\Software\Sensor\src\DHT.cpp">
      <Filter>src</Filter>
    </ClCompile>
  </ItemGroup>
</Project>