<?xml version="1.0" encoding="utf-8"?>
<Project ToolsVersion="15.0" xmlns="http://schemas.microsoft.com/developer/msbuild/2003">
  <ItemGroup>
    <Filter Include="inc">
      <UniqueIdentifier>{564b05f9-dd87-4c86-a8bf-e3dc714c7c9e}</UniqueIdentifier>
    </Filter>
    <Filter Include="inc\Component">
      <UniqueIdentifier>{459a2f58-2459-4976-8ac5-2985c1db2cff}</UniqueIdentifier>
    </Filter>
    <Filter Include="inc\Containers">
      <UniqueIdentifier>{1a2d8fca-80f7-4206-8cb9-885d7163c657}</UniqueIdentifier>
    </Filter>
    <Filter Include="inc\Notification">
      <UniqueIdentifier>{c14fce7b-a659-4465-8769-fe36ae907b27}</UniqueIdentifier>
    </Filter>
    <Filter Include="src">
      <UniqueIdentifier>{552beb5b-2dbd-47bf-b8be-1e56113d32e6}</UniqueIdentifier>
    </Filter>
    <Filter Include="src\Component">
      <UniqueIdentifier>{285a69a6-8217-4902-9b54-511c2a3e0b5b}</UniqueIdentifier>
    </Filter>
    <Filter Include="src\Containers">
      <UniqueIdentifier>{235e19fb-7c52-4cb1-ae0a-b21a693c6b32}</UniqueIdentifier>
    </Filter>
    <Filter Include="src\Notification">
      <UniqueIdentifier>{1022aec1-d123-4ddf-83bb-1f9830f2262b}</UniqueIdentifier>
    </Filter>
    <Filter Include="inc\DataAuthentication">
      <UniqueIdentifier>{dec5c0ec-e416-42e3-96b2-4ece9f5778ee}</UniqueIdentifier>
    </Filter>
    <Filter Include="src\DataAuthentication">
      <UniqueIdentifier>{2241457b-ad6d-4b64-89e2-e9adab3e2549}</UniqueIdentifier>
    </Filter>
  </ItemGroup>
  <ItemGroup>
    <ClInclude Include="..\..\..\..\Software\Common\inc\Constants.h">
      <Filter>inc</Filter>
    </ClInclude>
    <ClInclude Include="..\..\..\..\Software\Common\inc\StopWatch.h">
      <Filter>inc</Filter>
    </ClInclude>
    <ClInclude Include="..\..\..\..\Software\Common\inc\Types.h">
      <Filter>inc</Filter>
    </ClInclude>
    <ClInclude Include="..\..\..\..\Software\Common\inc\Notification\Alert.h">
      <Filter>inc\Notification</Filter>
    </ClInclude>
    <ClInclude Include="..\..\..\..\Software\Common\inc\Notification\ComponentId.h">
      <Filter>inc\Notification</Filter>
    </ClInclude>
    <ClInclude Include="..\..\..\..\Software\Common\inc\Notification\Criticality.h">
      <Filter>inc\Notification</Filter>
    </ClInclude>
    <ClInclude Include="..\..\..\..\Software\Common\inc\Notification\EventId.h">
      <Filter>inc\Notification</Filter>
    </ClInclude>
    <ClInclude Include="..\..\..\..\Software\Common\inc\Notification\GroupId.h">
      <Filter>inc\Notification</Filter>
    </ClInclude>
    <ClInclude Include="..\..\..\..\Software\Common\inc\Notification\Identifier.h">
      <Filter>inc\Notification</Filter>
    </ClInclude>
    <ClInclude Include="..\..\..\..\Software\Common\inc\Notification\Status.h">
      <Filter>inc\Notification</Filter>
    </ClInclude>
    <ClInclude Include="..\..\..\..\Software\Common\inc\Containers\LinkedList.h">
      <Filter>inc\Containers</Filter>
    </ClInclude>
    <ClInclude Include="..\..\..\..\Software\Common\inc\Containers\List.h">
      <Filter>inc\Containers</Filter>
    </ClInclude>
    <ClInclude Include="..\..\..\..\Software\Common\inc\Containers\ListNode.h">
      <Filter>inc\Containers</Filter>
    </ClInclude>
    <ClInclude Include="..\..\..\..\Software\Common\inc\Containers\Queue.h">
      <Filter>inc\Containers</Filter>
    </ClInclude>
    <ClInclude Include="..\..\..\..\Software\Common\inc\Component\Event.h">
      <Filter>inc\Component</Filter>
    </ClInclude>
    <ClInclude Include="..\..\..\..\Software\Common\inc\Component\Listener.h">
      <Filter>inc\Component</Filter>
    </ClInclude>
    <ClInclude Include="..\..\..\..\Software\Common\inc\Component\Model.h">
      <Filter>inc\Component</Filter>
    </ClInclude>
    <ClInclude Include="..\..\..\..\Software\Common\inc\DataAuthentication\CRC32.h">
      <Filter>inc\DataAuthentication</Filter>
    </ClInclude>
  </ItemGroup>
  <ItemGroup>
    <ClCompile Include="..\..\..\..\Software\Common\src\StopWatch.cpp">
      <Filter>src</Filter>
    </ClCompile>
    <ClCompile Include="..\..\..\..\Software\Common\src\Component\Listener.cpp">
      <Filter>src\Component</Filter>
    </ClCompile>
    <ClCompile Include="..\..\..\..\Software\Common\src\Component\Model.cpp">
      <Filter>src\Component</Filter>
    </ClCompile>
    <ClCompile Include="..\..\..\..\Software\Common\src\Notification\Alert.cpp">
      <Filter>src\Notification</Filter>
    </ClCompile>
    <ClCompile Include="..\..\..\..\Software\Common\src\Notification\Identifier.cpp">
      <Filter>src\Notification</Filter>
    </ClCompile>
    <ClCompile Include="..\..\..\..\Software\Common\src\Notification\Status.cpp">
      <Filter>src\Notification</Filter>
    </ClCompile>
    <ClCompile Include="..\..\..\..\Software\Common\src\DataAuthentication\CRC32.cpp">
      <Filter>src\DataAuthentication</Filter>
    </ClCompile>
  </ItemGroup>
</Project>