<?xml version="1.0" encoding="utf-8"?>
<Project ToolsVersion="15.0" xmlns="http://schemas.microsoft.com/developer/msbuild/2003">
  <ItemGroup>
    <Filter Include="Source">
      <UniqueIdentifier>{a8bf51f9-c8bd-4cec-a491-e71df06e74ce}</UniqueIdentifier>
    </Filter>
    <Filter Include="Source\Component">
      <UniqueIdentifier>{08ccb5af-d18e-48cb-8a97-b9f07daa865f}</UniqueIdentifier>
    </Filter>
    <Filter Include="Source\DataAuthentication">
      <UniqueIdentifier>{73a00c2e-45b1-42c0-bb6c-467fc75c5a50}</UniqueIdentifier>
    </Filter>
    <Filter Include="Source\Containers">
      <UniqueIdentifier>{d8157dd5-612a-434e-9f7f-d55658b014d6}</UniqueIdentifier>
    </Filter>
    <Filter Include="Source\Notification">
      <UniqueIdentifier>{82c998d1-b583-4b21-b296-a3cc1180cd6b}</UniqueIdentifier>
    </Filter>
  </ItemGroup>
  <ItemGroup>
    <ClInclude Include="..\..\..\..\Software\Common\Constants.h">
      <Filter>Source</Filter>
    </ClInclude>
    <ClInclude Include="..\..\..\..\Software\Common\StopWatch.h">
      <Filter>Source</Filter>
    </ClInclude>
    <ClInclude Include="..\..\..\..\Software\Common\Types.h">
      <Filter>Source</Filter>
    </ClInclude>
    <ClInclude Include="..\..\..\..\Software\Common\Component\Event.h">
      <Filter>Source\Component</Filter>
    </ClInclude>
    <ClInclude Include="..\..\..\..\Software\Common\Component\Listener.h">
      <Filter>Source\Component</Filter>
    </ClInclude>
    <ClInclude Include="..\..\..\..\Software\Common\Component\Model.h">
      <Filter>Source\Component</Filter>
    </ClInclude>
    <ClInclude Include="..\..\..\..\Software\Common\Containers\LinkedList.h">
      <Filter>Source\Containers</Filter>
    </ClInclude>
    <ClInclude Include="..\..\..\..\Software\Common\Containers\List.h">
      <Filter>Source\Containers</Filter>
    </ClInclude>
    <ClInclude Include="..\..\..\..\Software\Common\Containers\ListNode.h">
      <Filter>Source\Containers</Filter>
    </ClInclude>
    <ClInclude Include="..\..\..\..\Software\Common\Containers\Queue.h">
      <Filter>Source\Containers</Filter>
    </ClInclude>
    <ClInclude Include="..\..\..\..\Software\Common\DataAuthentication\CRC32.h">
      <Filter>Source\DataAuthentication</Filter>
    </ClInclude>
    <ClInclude Include="..\..\..\..\Software\Common\DataAuthentication\Hash.h">
      <Filter>Source\DataAuthentication</Filter>
    </ClInclude>
    <ClInclude Include="..\..\..\..\Software\Common\DataAuthentication\SHA.h">
      <Filter>Source\DataAuthentication</Filter>
    </ClInclude>
    <ClInclude Include="..\..\..\..\Software\Common\DataAuthentication\SHA512.h">
      <Filter>Source\DataAuthentication</Filter>
    </ClInclude>
    <ClInclude Include="..\..\..\..\Software\Common\DataAuthentication\UInt512.h">
      <Filter>Source\DataAuthentication</Filter>
    </ClInclude>
    <ClInclude Include="..\..\..\..\Software\Common\Notification\Alert.h">
      <Filter>Source\Notification</Filter>
    </ClInclude>
    <ClInclude Include="..\..\..\..\Software\Common\Notification\ComponentId.h">
      <Filter>Source\Notification</Filter>
    </ClInclude>
    <ClInclude Include="..\..\..\..\Software\Common\Notification\Criticality.h">
      <Filter>Source\Notification</Filter>
    </ClInclude>
    <ClInclude Include="..\..\..\..\Software\Common\Notification\EventId.h">
      <Filter>Source\Notification</Filter>
    </ClInclude>
    <ClInclude Include="..\..\..\..\Software\Common\Notification\GroupId.h">
      <Filter>Source\Notification</Filter>
    </ClInclude>
    <ClInclude Include="..\..\..\..\Software\Common\Notification\Identifier.h">
      <Filter>Source\Notification</Filter>
    </ClInclude>
    <ClInclude Include="..\..\..\..\Software\Common\Notification\Status.h">
      <Filter>Source\Notification</Filter>
    </ClInclude>
  </ItemGroup>
  <ItemGroup>
    <ClCompile Include="..\..\..\..\Software\Common\StopWatch.cpp">
      <Filter>Source</Filter>
    </ClCompile>
    <ClCompile Include="..\..\..\..\Software\Common\Component\Listener.cpp">
      <Filter>Source\Component</Filter>
    </ClCompile>
    <ClCompile Include="..\..\..\..\Software\Common\Component\Model.cpp">
      <Filter>Source\Component</Filter>
    </ClCompile>
    <ClCompile Include="..\..\..\..\Software\Common\DataAuthentication\CRC32.cpp">
      <Filter>Source\DataAuthentication</Filter>
    </ClCompile>
    <ClCompile Include="..\..\..\..\Software\Common\DataAuthentication\SHA.cpp">
      <Filter>Source\DataAuthentication</Filter>
    </ClCompile>
    <ClCompile Include="..\..\..\..\Software\Common\DataAuthentication\SHA512.cpp">
      <Filter>Source\DataAuthentication</Filter>
    </ClCompile>
    <ClCompile Include="..\..\..\..\Software\Common\DataAuthentication\UInt512.cpp">
      <Filter>Source\DataAuthentication</Filter>
    </ClCompile>
    <ClCompile Include="..\..\..\..\Software\Common\Notification\Alert.cpp">
      <Filter>Source\Notification</Filter>
    </ClCompile>
    <ClCompile Include="..\..\..\..\Software\Common\Notification\Identifier.cpp">
      <Filter>Source\Notification</Filter>
    </ClCompile>
    <ClCompile Include="..\..\..\..\Software\Common\Notification\Status.cpp">
      <Filter>Source\Notification</Filter>
    </ClCompile>
    <ClCompile Include="..\..\..\..\Software\Common\DataAuthentication\Hash.cpp">
      <Filter>Source\DataAuthentication</Filter>
    </ClCompile>
  </ItemGroup>
</Project>